
Microsoft Visual Studio Solution File, Format Version 12.00
# Visual Studio Version 16
VisualStudioVersion = 16.0.30114.105
MinimumVisualStudioVersion = 10.0.40219.1
Project("{FAE04EC0-301F-11D3-BF4B-00C04F79EFBC}") = "Arrays", "Arrays\Arrays.csproj", "{61E5EC7C-DE07-4824-B3DA-0520C4DC0B69}"
EndProject
Global
	GlobalSection(SolutionConfigurationPlatforms) = preSolution
		Debug|Any CPU = Debug|Any CPU
		Release|Any CPU = Release|Any CPU
	EndGlobalSection
	GlobalSection(ProjectConfigurationPlatforms) = postSolution
		{61E5EC7C-DE07-4824-B3DA-0520C4DC0B69}.Debug|Any CPU.ActiveCfg = Debug|Any CPU
		{61E5EC7C-DE07-4824-B3DA-0520C4DC0B69}.Debug|Any CPU.Build.0 = Debug|Any CPU
		{61E5EC7C-DE07-4824-B3DA-0520C4DC0B69}.Release|Any CPU.ActiveCfg = Release|Any CPU
		{61E5EC7C-DE07-4824-B3DA-0520C4DC0B69}.Release|Any CPU.Build.0 = Release|Any CPU
	EndGlobalSection
	GlobalSection(SolutionProperties) = preSolution
		HideSolutionNode = FALSE
	EndGlobalSection
	GlobalSection(ExtensibilityGlobals) = postSolution
		SolutionGuid = {FD45879C-CBC8-4EDE-A5B1-A155D8E35927}
	EndGlobalSection
EndGlobal
